// !$*UTF8*$!
{
	archiveVersion = 1;
	classes = {
	};
	objectVersion = 55;
	objects = {

/* Begin PBXBuildFile section */
		E147BC342706C85B0096930E /* AppDelegate.m in Sources */ = {isa = PBXBuildFile; fileRef = E147BC332706C85B0096930E /* AppDelegate.m */; };
		E147BC372706C85B0096930E /* SceneDelegate.m in Sources */ = {isa = PBXBuildFile; fileRef = E147BC362706C85B0096930E /* SceneDelegate.m */; };
		E147BC3A2706C85B0096930E /* ViewController.m in Sources */ = {isa = PBXBuildFile; fileRef = E147BC392706C85B0096930E /* ViewController.m */; };
		E147BC3D2706C85B0096930E /* Main.storyboard in Resources */ = {isa = PBXBuildFile; fileRef = E147BC3B2706C85B0096930E /* Main.storyboard */; };
		E147BC3F2706C85C0096930E /* Assets.xcassets in Resources */ = {isa = PBXBuildFile; fileRef = E147BC3E2706C85C0096930E /* Assets.xcassets */; };
		E147BC422706C85C0096930E /* LaunchScreen.storyboard in Resources */ = {isa = PBXBuildFile; fileRef = E147BC402706C85C0096930E /* LaunchScreen.storyboard */; };
		E147BC452706C85C0096930E /* main.m in Sources */ = {isa = PBXBuildFile; fileRef = E147BC442706C85C0096930E /* main.m */; };
		E147BC4F2706C85C0096930E /* DemoAppTests.m in Sources */ = {isa = PBXBuildFile; fileRef = E147BC4E2706C85C0096930E /* DemoAppTests.m */; };
		E147BC592706C85C0096930E /* DemoAppUITests.m in Sources */ = {isa = PBXBuildFile; fileRef = E147BC582706C85C0096930E /* DemoAppUITests.m */; };
		E147BC5B2706C85C0096930E /* DemoAppUITestsLaunchTests.m in Sources */ = {isa = PBXBuildFile; fileRef = E147BC5A2706C85C0096930E /* DemoAppUITestsLaunchTests.m */; };
/* End PBXBuildFile section */

/* Begin PBXContainerItemProxy section */
		E147BC4B2706C85C0096930E /* PBXContainerItemProxy */ = {
			isa = PBXContainerItemProxy;
			containerPortal = E147BC272706C85B0096930E /* Project object */;
			proxyType = 1;
			remoteGlobalIDString = E147BC2E2706C85B0096930E;
			remoteInfo = DemoApp;
		};
		E147BC552706C85C0096930E /* PBXContainerItemProxy */ = {
			isa = PBXContainerItemProxy;
			containerPortal = E147BC272706C85B0096930E /* Project object */;
			proxyType = 1;
			remoteGlobalIDString = E147BC2E2706C85B0096930E;
			remoteInfo = DemoApp;
		};
/* End PBXContainerItemProxy section */

/* Begin PBXFileReference section */
		E147BC2F2706C85B0096930E /* DemoApp.app */ = {isa = PBXFileReference; explicitFileType = wrapper.application; includeInIndex = 0; path = DemoApp.app; sourceTree = BUILT_PRODUCTS_DIR; };
		E147BC322706C85B0096930E /* AppDelegate.h */ = {isa = PBXFileReference; lastKnownFileType = sourcecode.c.h; path = AppDelegate.h; sourceTree = "<group>"; };
		E147BC332706C85B0096930E /* AppDelegate.m */ = {isa = PBXFileReference; lastKnownFileType = sourcecode.c.objc; path = AppDelegate.m; sourceTree = "<group>"; };
		E147BC352706C85B0096930E /* SceneDelegate.h */ = {isa = PBXFileReference; lastKnownFileType = sourcecode.c.h; path = SceneDelegate.h; sourceTree = "<group>"; };
		E147BC362706C85B0096930E /* SceneDelegate.m */ = {isa = PBXFileReference; lastKnownFileType = sourcecode.c.objc; path = SceneDelegate.m; sourceTree = "<group>"; };
		E147BC382706C85B0096930E /* ViewController.h */ = {isa = PBXFileReference; lastKnownFileType = sourcecode.c.h; path = ViewController.h; sourceTree = "<group>"; };
		E147BC392706C85B0096930E /* ViewController.m */ = {isa = PBXFileReference; lastKnownFileType = sourcecode.c.objc; path = ViewController.m; sourceTree = "<group>"; };
		E147BC3C2706C85B0096930E /* Base */ = {isa = PBXFileReference; lastKnownFileType = file.storyboard; name = Base; path = Base.lproj/Main.storyboard; sourceTree = "<group>"; };
		E147BC3E2706C85C0096930E /* Assets.xcassets */ = {isa = PBXFileReference; lastKnownFileType = folder.assetcatalog; path = Assets.xcassets; sourceTree = "<group>"; };
		E147BC412706C85C0096930E /* Base */ = {isa = PBXFileReference; lastKnownFileType = file.storyboard; name = Base; path = Base.lproj/LaunchScreen.storyboard; sourceTree = "<group>"; };
		E147BC432706C85C0096930E /* Info.plist */ = {isa = PBXFileReference; lastKnownFileType = text.plist.xml; path = Info.plist; sourceTree = "<group>"; };
		E147BC442706C85C0096930E /* main.m */ = {isa = PBXFileReference; lastKnownFileType = sourcecode.c.objc; path = main.m; sourceTree = "<group>"; };
		E147BC4A2706C85C0096930E /* DemoAppTests.xctest */ = {isa = PBXFileReference; explicitFileType = wrapper.cfbundle; includeInIndex = 0; path = DemoAppTests.xctest; sourceTree = BUILT_PRODUCTS_DIR; };
		E147BC4E2706C85C0096930E /* DemoAppTests.m */ = {isa = PBXFileReference; lastKnownFileType = sourcecode.c.objc; path = DemoAppTests.m; sourceTree = "<group>"; };
		E147BC542706C85C0096930E /* DemoAppUITests.xctest */ = {isa = PBXFileReference; explicitFileType = wrapper.cfbundle; includeInIndex = 0; path = DemoAppUITests.xctest; sourceTree = BUILT_PRODUCTS_DIR; };
		E147BC582706C85C0096930E /* DemoAppUITests.m */ = {isa = PBXFileReference; lastKnownFileType = sourcecode.c.objc; path = DemoAppUITests.m; sourceTree = "<group>"; };
		E147BC5A2706C85C0096930E /* DemoAppUITestsLaunchTests.m */ = {isa = PBXFileReference; lastKnownFileType = sourcecode.c.objc; path = DemoAppUITestsLaunchTests.m; sourceTree = "<group>"; };
/* End PBXFileReference section */

/* Begin PBXFrameworksBuildPhase section */
		E147BC2C2706C85B0096930E /* Frameworks */ = {
			isa = PBXFrameworksBuildPhase;
			buildActionMask = 2147483647;
			files = (
			);
			runOnlyForDeploymentPostprocessing = 0;
		};
		E147BC472706C85C0096930E /* Frameworks */ = {
			isa = PBXFrameworksBuildPhase;
			buildActionMask = 2147483647;
			files = (
			);
			runOnlyForDeploymentPostprocessing = 0;
		};
		E147BC512706C85C0096930E /* Frameworks */ = {
			isa = PBXFrameworksBuildPhase;
			buildActionMask = 2147483647;
			files = (
			);
			runOnlyForDeploymentPostprocessing = 0;
		};
/* End PBXFrameworksBuildPhase section */

/* Begin PBXGroup section */
		E147BC262706C85B0096930E = {
			isa = PBXGroup;
			children = (
				E147BC312706C85B0096930E /* DemoApp */,
				E147BC4D2706C85C0096930E /* DemoAppTests */,
				E147BC572706C85C0096930E /* DemoAppUITests */,
				E147BC302706C85B0096930E /* Products */,
			);
			sourceTree = "<group>";
		};
		E147BC302706C85B0096930E /* Products */ = {
			isa = PBXGroup;
			children = (
				E147BC2F2706C85B0096930E /* DemoApp.app */,
				E147BC4A2706C85C0096930E /* DemoAppTests.xctest */,
				E147BC542706C85C0096930E /* DemoAppUITests.xctest */,
			);
			name = Products;
			sourceTree = "<group>";
		};
		E147BC312706C85B0096930E /* DemoApp */ = {
			isa = PBXGroup;
			children = (
				E147BC322706C85B0096930E /* AppDelegate.h */,
				E147BC332706C85B0096930E /* AppDelegate.m */,
				E147BC352706C85B0096930E /* SceneDelegate.h */,
				E147BC362706C85B0096930E /* SceneDelegate.m */,
				E147BC382706C85B0096930E /* ViewController.h */,
				E147BC392706C85B0096930E /* ViewController.m */,
				E147BC3B2706C85B0096930E /* Main.storyboard */,
				E147BC3E2706C85C0096930E /* Assets.xcassets */,
				E147BC402706C85C0096930E /* LaunchScreen.storyboard */,
				E147BC432706C85C0096930E /* Info.plist */,
				E147BC442706C85C0096930E /* main.m */,
			);
			path = DemoApp;
			sourceTree = "<group>";
		};
		E147BC4D2706C85C0096930E /* DemoAppTests */ = {
			isa = PBXGroup;
			children = (
				E147BC4E2706C85C0096930E /* DemoAppTests.m */,
			);
			path = DemoAppTests;
			sourceTree = "<group>";
		};
		E147BC572706C85C0096930E /* DemoAppUITests */ = {
			isa = PBXGroup;
			children = (
				E147BC582706C85C0096930E /* DemoAppUITests.m */,
				E147BC5A2706C85C0096930E /* DemoAppUITestsLaunchTests.m */,
			);
			path = DemoAppUITests;
			sourceTree = "<group>";
		};
/* End PBXGroup section */

/* Begin PBXNativeTarget section */
		E147BC2E2706C85B0096930E /* DemoApp */ = {
			isa = PBXNativeTarget;
			buildConfigurationList = E147BC5E2706C85C0096930E /* Build configuration list for PBXNativeTarget "DemoApp" */;
			buildPhases = (
				E147BC2B2706C85B0096930E /* Sources */,
				E147BC2C2706C85B0096930E /* Frameworks */,
				E147BC2D2706C85B0096930E /* Resources */,
			);
			buildRules = (
			);
			dependencies = (
			);
			name = DemoApp;
			productName = DemoApp;
			productReference = E147BC2F2706C85B0096930E /* DemoApp.app */;
			productType = "com.apple.product-type.application";
		};
		E147BC492706C85C0096930E /* DemoAppTests */ = {
			isa = PBXNativeTarget;
			buildConfigurationList = E147BC612706C85C0096930E /* Build configuration list for PBXNativeTarget "DemoAppTests" */;
			buildPhases = (
				E147BC462706C85C0096930E /* Sources */,
				E147BC472706C85C0096930E /* Frameworks */,
				E147BC482706C85C0096930E /* Resources */,
			);
			buildRules = (
			);
			dependencies = (
				E147BC4C2706C85C0096930E /* PBXTargetDependency */,
			);
			name = DemoAppTests;
			productName = DemoAppTests;
			productReference = E147BC4A2706C85C0096930E /* DemoAppTests.xctest */;
			productType = "com.apple.product-type.bundle.unit-test";
		};
		E147BC532706C85C0096930E /* DemoAppUITests */ = {
			isa = PBXNativeTarget;
			buildConfigurationList = E147BC642706C85C0096930E /* Build configuration list for PBXNativeTarget "DemoAppUITests" */;
			buildPhases = (
				E147BC502706C85C0096930E /* Sources */,
				E147BC512706C85C0096930E /* Frameworks */,
				E147BC522706C85C0096930E /* Resources */,
			);
			buildRules = (
			);
			dependencies = (
				E147BC562706C85C0096930E /* PBXTargetDependency */,
			);
			name = DemoAppUITests;
			productName = DemoAppUITests;
			productReference = E147BC542706C85C0096930E /* DemoAppUITests.xctest */;
			productType = "com.apple.product-type.bundle.ui-testing";
		};
/* End PBXNativeTarget section */

/* Begin PBXProject section */
		E147BC272706C85B0096930E /* Project object */ = {
			isa = PBXProject;
			attributes = {
				BuildIndependentTargetsInParallel = 1;
				LastUpgradeCheck = 1300;
				TargetAttributes = {
					E147BC2E2706C85B0096930E = {
						CreatedOnToolsVersion = 13.0;
					};
					E147BC492706C85C0096930E = {
						CreatedOnToolsVersion = 13.0;
						TestTargetID = E147BC2E2706C85B0096930E;
					};
					E147BC532706C85C0096930E = {
						CreatedOnToolsVersion = 13.0;
						TestTargetID = E147BC2E2706C85B0096930E;
					};
				};
			};
			buildConfigurationList = E147BC2A2706C85B0096930E /* Build configuration list for PBXProject "DemoApp" */;
			compatibilityVersion = "Xcode 13.0";
			developmentRegion = en;
			hasScannedForEncodings = 0;
			knownRegions = (
				en,
				Base,
			);
			mainGroup = E147BC262706C85B0096930E;
			productRefGroup = E147BC302706C85B0096930E /* Products */;
			projectDirPath = "";
			projectRoot = "";
			targets = (
				E147BC2E2706C85B0096930E /* DemoApp */,
				E147BC492706C85C0096930E /* DemoAppTests */,
				E147BC532706C85C0096930E /* DemoAppUITests */,
			);
		};
/* End PBXProject section */

/* Begin PBXResourcesBuildPhase section */
		E147BC2D2706C85B0096930E /* Resources */ = {
			isa = PBXResourcesBuildPhase;
			buildActionMask = 2147483647;
			files = (
				E147BC422706C85C0096930E /* LaunchScreen.storyboard in Resources */,
				E147BC3F2706C85C0096930E /* Assets.xcassets in Resources */,
				E147BC3D2706C85B0096930E /* Main.storyboard in Resources */,
			);
			runOnlyForDeploymentPostprocessing = 0;
		};
		E147BC482706C85C0096930E /* Resources */ = {
			isa = PBXResourcesBuildPhase;
			buildActionMask = 2147483647;
			files = (
			);
			runOnlyForDeploymentPostprocessing = 0;
		};
		E147BC522706C85C0096930E /* Resources */ = {
			isa = PBXResourcesBuildPhase;
			buildActionMask = 2147483647;
			files = (
			);
			runOnlyForDeploymentPostprocessing = 0;
		};
/* End PBXResourcesBuildPhase section */

/* Begin PBXSourcesBuildPhase section */
		E147BC2B2706C85B0096930E /* Sources */ = {
			isa = PBXSourcesBuildPhase;
			buildActionMask = 2147483647;
			files = (
				E147BC3A2706C85B0096930E /* ViewController.m in Sources */,
				E147BC342706C85B0096930E /* AppDelegate.m in Sources */,
				E147BC452706C85C0096930E /* main.m in Sources */,
				E147BC372706C85B0096930E /* SceneDelegate.m in Sources */,
			);
			runOnlyForDeploymentPostprocessing = 0;
		};
		E147BC462706C85C0096930E /* Sources */ = {
			isa = PBXSourcesBuildPhase;
			buildActionMask = 2147483647;
			files = (
				E147BC4F2706C85C0096930E /* DemoAppTests.m in Sources */,
			);
			runOnlyForDeploymentPostprocessing = 0;
		};
		E147BC502706C85C0096930E /* Sources */ = {
			isa = PBXSourcesBuildPhase;
			buildActionMask = 2147483647;
			files = (
				E147BC592706C85C0096930E /* DemoAppUITests.m in Sources */,
				E147BC5B2706C85C0096930E /* DemoAppUITestsLaunchTests.m in Sources */,
			);
			runOnlyForDeploymentPostprocessing = 0;
		};
/* End PBXSourcesBuildPhase section */

/* Begin PBXTargetDependency section */
		E147BC4C2706C85C0096930E /* PBXTargetDependency */ = {
			isa = PBXTargetDependency;
			target = E147BC2E2706C85B0096930E /* DemoApp */;
			targetProxy = E147BC4B2706C85C0096930E /* PBXContainerItemProxy */;
		};
		E147BC562706C85C0096930E /* PBXTargetDependency */ = {
			isa = PBXTargetDependency;
			target = E147BC2E2706C85B0096930E /* DemoApp */;
			targetProxy = E147BC552706C85C0096930E /* PBXContainerItemProxy */;
		};
/* End PBXTargetDependency section */

/* Begin PBXVariantGroup section */
		E147BC3B2706C85B0096930E /* Main.storyboard */ = {
			isa = PBXVariantGroup;
			children = (
				E147BC3C2706C85B0096930E /* Base */,
			);
			name = Main.storyboard;
			sourceTree = "<group>";
		};
		E147BC402706C85C0096930E /* LaunchScreen.storyboard */ = {
			isa = PBXVariantGroup;
			children = (
				E147BC412706C85C0096930E /* Base */,
			);
			name = LaunchScreen.storyboard;
			sourceTree = "<group>";
		};
/* End PBXVariantGroup section */

/* Begin XCBuildConfiguration section */
		E147BC5C2706C85C0096930E /* Debug */ = {
			isa = XCBuildConfiguration;
			buildSettings = {
				ALWAYS_SEARCH_USER_PATHS = NO;
				CLANG_ANALYZER_NONNULL = YES;
				CLANG_ANALYZER_NUMBER_OBJECT_CONVERSION = YES_AGGRESSIVE;
				CLANG_CXX_LANGUAGE_STANDARD = "gnu++17";
				CLANG_CXX_LIBRARY = "libc++";
				CLANG_ENABLE_MODULES = YES;
				CLANG_ENABLE_OBJC_ARC = YES;
				CLANG_ENABLE_OBJC_WEAK = YES;
				CLANG_WARN_BLOCK_CAPTURE_AUTORELEASING = YES;
				CLANG_WARN_BOOL_CONVERSION = YES;
				CLANG_WARN_COMMA = YES;
				CLANG_WARN_CONSTANT_CONVERSION = YES;
				CLANG_WARN_DEPRECATED_OBJC_IMPLEMENTATIONS = YES;
				CLANG_WARN_DIRECT_OBJC_ISA_USAGE = YES_ERROR;
				CLANG_WARN_DOCUMENTATION_COMMENTS = YES;
				CLANG_WARN_EMPTY_BODY = YES;
				CLANG_WARN_ENUM_CONVERSION = YES;
				CLANG_WARN_INFINITE_RECURSION = YES;
				CLANG_WARN_INT_CONVERSION = YES;
				CLANG_WARN_NON_LITERAL_NULL_CONVERSION = YES;
				CLANG_WARN_OBJC_IMPLICIT_RETAIN_SELF = YES;
				CLANG_WARN_OBJC_LITERAL_CONVERSION = YES;
				CLANG_WARN_OBJC_ROOT_CLASS = YES_ERROR;
				CLANG_WARN_QUOTED_INCLUDE_IN_FRAMEWORK_HEADER = YES;
				CLANG_WARN_RANGE_LOOP_ANALYSIS = YES;
				CLANG_WARN_STRICT_PROTOTYPES = YES;
				CLANG_WARN_SUSPICIOUS_MOVE = YES;
				CLANG_WARN_UNGUARDED_AVAILABILITY = YES_AGGRESSIVE;
				CLANG_WARN_UNREACHABLE_CODE = YES;
				CLANG_WARN__DUPLICATE_METHOD_MATCH = YES;
				COPY_PHASE_STRIP = NO;
				DEBUG_INFORMATION_FORMAT = dwarf;
				ENABLE_STRICT_OBJC_MSGSEND = YES;
				ENABLE_TESTABILITY = YES;
				GCC_C_LANGUAGE_STANDARD = gnu11;
				GCC_DYNAMIC_NO_PIC = NO;
				GCC_NO_COMMON_BLOCKS = YES;
				GCC_OPTIMIZATION_LEVEL = 0;
				GCC_PREPROCESSOR_DEFINITIONS = (
					"DEBUG=1",
					"$(inherited)",
				);
				GCC_WARN_64_TO_32_BIT_CONVERSION = YES;
				GCC_WARN_ABOUT_RETURN_TYPE = YES_ERROR;
				GCC_WARN_UNDECLARED_SELECTOR = YES;
				GCC_WARN_UNINITIALIZED_AUTOS = YES_AGGRESSIVE;
				GCC_WARN_UNUSED_FUNCTION = YES;
				GCC_WARN_UNUSED_VARIABLE = YES;
				IPHONEOS_DEPLOYMENT_TARGET = 15.0;
				MTL_ENABLE_DEBUG_INFO = INCLUDE_SOURCE;
				MTL_FAST_MATH = YES;
				ONLY_ACTIVE_ARCH = YES;
				SDKROOT = iphoneos;
			};
			name = Debug;
		};
		E147BC5D2706C85C0096930E /* Release */ = {
			isa = XCBuildConfiguration;
			buildSettings = {
				ALWAYS_SEARCH_USER_PATHS = NO;
				CLANG_ANALYZER_NONNULL = YES;
				CLANG_ANALYZER_NUMBER_OBJECT_CONVERSION = YES_AGGRESSIVE;
				CLANG_CXX_LANGUAGE_STANDARD = "gnu++17";
				CLANG_CXX_LIBRARY = "libc++";
				CLANG_ENABLE_MODULES = YES;
				CLANG_ENABLE_OBJC_ARC = YES;
				CLANG_ENABLE_OBJC_WEAK = YES;
				CLANG_WARN_BLOCK_CAPTURE_AUTORELEASING = YES;
				CLANG_WARN_BOOL_CONVERSION = YES;
				CLANG_WARN_COMMA = YES;
				CLANG_WARN_CONSTANT_CONVERSION = YES;
				CLANG_WARN_DEPRECATED_OBJC_IMPLEMENTATIONS = YES;
				CLANG_WARN_DIRECT_OBJC_ISA_USAGE = YES_ERROR;
				CLANG_WARN_DOCUMENTATION_COMMENTS = YES;
				CLANG_WARN_EMPTY_BODY = YES;
				CLANG_WARN_ENUM_CONVERSION = YES;
				CLANG_WARN_INFINITE_RECURSION = YES;
				CLANG_WARN_INT_CONVERSION = YES;
				CLANG_WARN_NON_LITERAL_NULL_CONVERSION = YES;
				CLANG_WARN_OBJC_IMPLICIT_RETAIN_SELF = YES;
				CLANG_WARN_OBJC_LITERAL_CONVERSION = YES;
				CLANG_WARN_OBJC_ROOT_CLASS = YES_ERROR;
				CLANG_WARN_QUOTED_INCLUDE_IN_FRAMEWORK_HEADER = YES;
				CLANG_WARN_RANGE_LOOP_ANALYSIS = YES;
				CLANG_WARN_STRICT_PROTOTYPES = YES;
				CLANG_WARN_SUSPICIOUS_MOVE = YES;
				CLANG_WARN_UNGUARDED_AVAILABILITY = YES_AGGRESSIVE;
				CLANG_WARN_UNREACHABLE_CODE = YES;
				CLANG_WARN__DUPLICATE_METHOD_MATCH = YES;
				COPY_PHASE_STRIP = NO;
				DEBUG_INFORMATION_FORMAT = "dwarf-with-dsym";
				ENABLE_NS_ASSERTIONS = NO;
				ENABLE_STRICT_OBJC_MSGSEND = YES;
				GCC_C_LANGUAGE_STANDARD = gnu11;
				GCC_NO_COMMON_BLOCKS = YES;
				GCC_WARN_64_TO_32_BIT_CONVERSION = YES;
				GCC_WARN_ABOUT_RETURN_TYPE = YES_ERROR;
				GCC_WARN_UNDECLARED_SELECTOR = YES;
				GCC_WARN_UNINITIALIZED_AUTOS = YES_AGGRESSIVE;
				GCC_WARN_UNUSED_FUNCTION = YES;
				GCC_WARN_UNUSED_VARIABLE = YES;
				IPHONEOS_DEPLOYMENT_TARGET = 15.0;
				MTL_ENABLE_DEBUG_INFO = NO;
				MTL_FAST_MATH = YES;
				SDKROOT = iphoneos;
				VALIDATE_PRODUCT = YES;
			};
			name = Release;
		};
		E147BC5F2706C85C0096930E /* Debug */ = {
			isa = XCBuildConfiguration;
			buildSettings = {
				ASSETCATALOG_COMPILER_APPICON_NAME = AppIcon;
				ASSETCATALOG_COMPILER_GLOBAL_ACCENT_COLOR_NAME = AccentColor;
				CODE_SIGN_STYLE = Automatic;
				CURRENT_PROJECT_VERSION = 1;
				DEVELOPMENT_TEAM = GHQ4ZS67UN;
				GENERATE_INFOPLIST_FILE = YES;
				INFOPLIST_FILE = DemoApp/Info.plist;
				INFOPLIST_KEY_UIApplicationSupportsIndirectInputEvents = YES;
				INFOPLIST_KEY_UILaunchStoryboardName = LaunchScreen;
				INFOPLIST_KEY_UIMainStoryboardFile = Main;
				INFOPLIST_KEY_UISupportedInterfaceOrientations_iPad = "UIInterfaceOrientationPortrait UIInterfaceOrientationPortraitUpsideDown UIInterfaceOrientationLandscapeLeft UIInterfaceOrientationLandscapeRight";
				INFOPLIST_KEY_UISupportedInterfaceOrientations_iPhone = "UIInterfaceOrientationPortrait UIInterfaceOrientationLandscapeLeft UIInterfaceOrientationLandscapeRight";
				LD_RUNPATH_SEARCH_PATHS = (
					"$(inherited)",
					"@executable_path/Frameworks",
				);
				MARKETING_VERSION = 1.0;
				PRODUCT_BUNDLE_IDENTIFIER = com.codepath.DemoApp;
				PRODUCT_NAME = "$(TARGET_NAME)";
				SWIFT_EMIT_LOC_STRINGS = YES;
				TARGETED_DEVICE_FAMILY = "1,2";
			};
			name = Debug;
		};
		E147BC602706C85C0096930E /* Release */ = {
			isa = XCBuildConfiguration;
			buildSettings = {
				ASSETCATALOG_COMPILER_APPICON_NAME = AppIcon;
				ASSETCATALOG_COMPILER_GLOBAL_ACCENT_COLOR_NAME = AccentColor;
				CODE_SIGN_STYLE = Automatic;
				CURRENT_PROJECT_VERSION = 1;
				DEVELOPMENT_TEAM = GHQ4ZS67UN;
				GENERATE_INFOPLIST_FILE = YES;
				INFOPLIST_FILE = DemoApp/Info.plist;
				INFOPLIST_KEY_UIApplicationSupportsIndirectInputEvents = YES;
				INFOPLIST_KEY_UILaunchStoryboardName = LaunchScreen;
				INFOPLIST_KEY_UIMainStoryboardFile = Main;
				INFOPLIST_KEY_UISupportedInterfaceOrientations_iPad = "UIInterfaceOrientationPortrait UIInterfaceOrientationPortraitUpsideDown UIInterfaceOrientationLandscapeLeft UIInterfaceOrientationLandscapeRight";
				INFOPLIST_KEY_UISupportedInterfaceOrientations_iPhone = "UIInterfaceOrientationPortrait UIInterfaceOrientationLandscapeLeft UIInterfaceOrientationLandscapeRight";
				LD_RUNPATH_SEARCH_PATHS = (
					"$(inherited)",
					"@executable_path/Frameworks",
				);
				MARKETING_VERSION = 1.0;
				PRODUCT_BUNDLE_IDENTIFIER = com.codepath.DemoApp;
				PRODUCT_NAME = "$(TARGET_NAME)";
				SWIFT_EMIT_LOC_STRINGS = YES;
				TARGETED_DEVICE_FAMILY = "1,2";
			};
			name = Release;
		};
		E147BC622706C85C0096930E /* Debug */ = {
			isa = XCBuildConfiguration;
			buildSettings = {
				BUNDLE_LOADER = "$(TEST_HOST)";
				CODE_SIGN_STYLE = Automatic;
				CURRENT_PROJECT_VERSION = 1;
				DEVELOPMENT_TEAM = GHQ4ZS67UN;
				GENERATE_INFOPLIST_FILE = YES;
				IPHONEOS_DEPLOYMENT_TARGET = 15.0;
				LD_RUNPATH_SEARCH_PATHS = (
					"$(inherited)",
					"@executable_path/Frameworks",
					"@loader_path/Frameworks",
				);
				MARKETING_VERSION = 1.0;
				PRODUCT_BUNDLE_IDENTIFIER = com.codepath.DemoAppTests;
				PRODUCT_NAME = "$(TARGET_NAME)";
				SWIFT_EMIT_LOC_STRINGS = NO;
				TARGETED_DEVICE_FAMILY = "1,2";
				TEST_HOST = "$(BUILT_PRODUCTS_DIR)/DemoApp.app/DemoApp";
			};
			name = Debug;
		};
		E147BC632706C85C0096930E /* Release */ = {
			isa = XCBuildConfiguration;
			buildSettings = {
				BUNDLE_LOADER = "$(TEST_HOST)";
				CODE_SIGN_STYLE = Automatic;
				CURRENT_PROJECT_VERSION = 1;
				DEVELOPMENT_TEAM = GHQ4ZS67UN;
				GENERATE_INFOPLIST_FILE = YES;
				IPHONEOS_DEPLOYMENT_TARGET = 15.0;
				LD_RUNPATH_SEARCH_PATHS = (
					"$(inherited)",
					"@executable_path/Frameworks",
					"@loader_path/Frameworks",
				);
				MARKETING_VERSION = 1.0;
				PRODUCT_BUNDLE_IDENTIFIER = com.codepath.DemoAppTests;
				PRODUCT_NAME = "$(TARGET_NAME)";
				SWIFT_EMIT_LOC_STRINGS = NO;
				TARGETED_DEVICE_FAMILY = "1,2";
				TEST_HOST = "$(BUILT_PRODUCTS_DIR)/DemoApp.app/DemoApp";
			};
			name = Release;
		};
		E147BC652706C85C0096930E /* Debug */ = {
			isa = XCBuildConfiguration;
			buildSettings = {
				CODE_SIGN_STYLE = Automatic;
				CURRENT_PROJECT_VERSION = 1;
				DEVELOPMENT_TEAM = GHQ4ZS67UN;
				GENERATE_INFOPLIST_FILE = YES;
				LD_RUNPATH_SEARCH_PATHS = (
					"$(inherited)",
					"@executable_path/Frameworks",
					"@loader_path/Frameworks",
				);
				MARKETING_VERSION = 1.0;
				PRODUCT_BUNDLE_IDENTIFIER = com.codepath.DemoAppUITests;
				PRODUCT_NAME = "$(TARGET_NAME)";
				SWIFT_EMIT_LOC_STRINGS = NO;
				TARGETED_DEVICE_FAMILY = "1,2";
				TEST_TARGET_NAME = DemoApp;
			};
			name = Debug;
		};
		E147BC662706C85C0096930E /* Release */ = {
			isa = XCBuildConfiguration;
			buildSettings = {
				CODE_SIGN_STYLE = Automatic;
				CURRENT_PROJECT_VERSION = 1;
				DEVELOPMENT_TEAM = GHQ4ZS67UN;
				GENERATE_INFOPLIST_FILE = YES;
				LD_RUNPATH_SEARCH_PATHS = (
					"$(inherited)",
					"@executable_path/Frameworks",
					"@loader_path/Frameworks",
				);
				MARKETING_VERSION = 1.0;
				PRODUCT_BUNDLE_IDENTIFIER = com.codepath.DemoAppUITests;
				PRODUCT_NAME = "$(TARGET_NAME)";
				SWIFT_EMIT_LOC_STRINGS = NO;
				TARGETED_DEVICE_FAMILY = "1,2";
				TEST_TARGET_NAME = DemoApp;
			};
			name = Release;
		};
/* End XCBuildConfiguration section */

/* Begin XCConfigurationList section */
		E147BC2A2706C85B0096930E /* Build configuration list for PBXProject "DemoApp" */ = {
			isa = XCConfigurationList;
			buildConfigurations = (
				E147BC5C2706C85C0096930E /* Debug */,
				E147BC5D2706C85C0096930E /* Release */,
			);
			defaultConfigurationIsVisible = 0;
			defaultConfigurationName = Release;
		};
		E147BC5E2706C85C0096930E /* Build configuration list for PBXNativeTarget "DemoApp" */ = {
			isa = XCConfigurationList;
			buildConfigurations = (
				E147BC5F2706C85C0096930E /* Debug */,
				E147BC602706C85C0096930E /* Release */,
			);
			defaultConfigurationIsVisible = 0;
			defaultConfigurationName = Release;
		};
		E147BC612706C85C0096930E /* Build configuration list for PBXNativeTarget "DemoAppTests" */ = {
			isa = XCConfigurationList;
			buildConfigurations = (
				E147BC622706C85C0096930E /* Debug */,
				E147BC632706C85C0096930E /* Release */,
			);
			defaultConfigurationIsVisible = 0;
			defaultConfigurationName = Release;
		};
		E147BC642706C85C0096930E /* Build configuration list for PBXNativeTarget "DemoAppUITests" */ = {
			isa = XCConfigurationList;
			buildConfigurations = (
				E147BC652706C85C0096930E /* Debug */,
				E147BC662706C85C0096930E /* Release */,
			);
			defaultConfigurationIsVisible = 0;
			defaultConfigurationName = Release;
		};
/* End XCConfigurationList section */
	};
	rootObject = E147BC272706C85B0096930E /* Project object */;
}
